
Microsoft Visual Studio Solution File, Format Version 12.00
# Visual Studio Version 17
VisualStudioVersion = 17.13.35825.156 d17.13
MinimumVisualStudioVersion = 10.0.40219.1
Project("{FAE04EC0-301F-11D3-BF4B-00C04F79EFBC}") = "E.SUNBankDotNet", "E.SUNBankDotNet\E.SUNBankDotNet.csproj", "{685F2908-1428-4C05-9A9E-00967AEC3617}"
EndProject
Global
	GlobalSection(SolutionConfigurationPlatforms) = preSolution
		Debug|Any CPU = Debug|Any CPU
		Release|Any CPU = Release|Any CPU
	EndGlobalSection
	GlobalSection(ProjectConfigurationPlatforms) = postSolution
		{685F2908-1428-4C05-9A9E-00967AEC3617}.Debug|Any CPU.ActiveCfg = Debug|Any CPU
		{685F2908-1428-4C05-9A9E-00967AEC3617}.Debug|Any CPU.Build.0 = Debug|Any CPU
		{685F2908-1428-4C05-9A9E-00967AEC3617}.Release|Any CPU.ActiveCfg = Release|Any CPU
		{685F2908-1428-4C05-9A9E-00967AEC3617}.Release|Any CPU.Build.0 = Release|Any CPU
	EndGlobalSection
	GlobalSection(SolutionProperties) = preSolution
		HideSolutionNode = FALSE
	EndGlobalSection
	GlobalSection(ExtensibilityGlobals) = postSolution
		SolutionGuid = {292DB747-6A07-4E80-8A0D-601D7FA6CE43}
	EndGlobalSection
EndGlobal
